{"is_source_file": false, "format": "", "description": "", "external_files": [], "external_methods": [], "published": [], "classes": [], "methods": [], "calls": [], "search-terms": ["pubspec.lock", "lockfile", "dependency", "transitive", "sdk"], "state": 2, "file_id": 63, "knowledge_revision": 193, "git_revision": "", "hash": "fe4c1b17910bcf2738bc7d4ed110d086", "format-version": 4, "code-base-name": "default", "filename": "flutter_mobile_app_workspace/flutter_mobile_app/pubspec.lock", "revision_history": [{"193": ""}]}